
Microsoft Visual Studio Solution File, Format Version 12.00
# Visual Studio 15
Project("{FAE04EC0-301F-11D3-BF4B-00C04F79EFBC}") = "VuforiaScripts", "VuforiaScripts.csproj", "{3D90DFCC-152B-7FE7-9C79-546CF39A0BDD}"
EndProject
Project("{FAE04EC0-301F-11D3-BF4B-00C04F79EFBC}") = "VuforiaEditorScripts", "VuforiaEditorScripts.csproj", "{618F42A2-2562-F820-8ED7-F47EBE79C1BE}"
EndProject
Global
	GlobalSection(SolutionConfigurationPlatforms) = preSolution
		Debug|Any CPU = Debug|Any CPU
		Release|Any CPU = Release|Any CPU
	EndGlobalSection
	GlobalSection(ProjectConfigurationPlatforms) = postSolution
		{3D90DFCC-152B-7FE7-9C79-546CF39A0BDD}.Debug|Any CPU.ActiveCfg = Debug|Any CPU
		{3D90DFCC-152B-7FE7-9C79-546CF39A0BDD}.Debug|Any CPU.Build.0 = Debug|Any CPU
		{3D90DFCC-152B-7FE7-9C79-546CF39A0BDD}.Release|Any CPU.ActiveCfg = Release|Any CPU
		{3D90DFCC-152B-7FE7-9C79-546CF39A0BDD}.Release|Any CPU.Build.0 = Release|Any CPU
		{618F42A2-2562-F820-8ED7-F47EBE79C1BE}.Debug|Any CPU.ActiveCfg = Debug|Any CPU
		{618F42A2-2562-F820-8ED7-F47EBE79C1BE}.Debug|Any CPU.Build.0 = Debug|Any CPU
		{618F42A2-2562-F820-8ED7-F47EBE79C1BE}.Release|Any CPU.ActiveCfg = Release|Any CPU
		{618F42A2-2562-F820-8ED7-F47EBE79C1BE}.Release|Any CPU.Build.0 = Release|Any CPU
	EndGlobalSection
	GlobalSection(SolutionProperties) = preSolution
		HideSolutionNode = FALSE
	EndGlobalSection
EndGlobal
